// !$*UTF8*$!
{
	archiveVersion = 1;
	classes = {
	};
	objectVersion = 46;
	objects = {

/* Begin PBXBuildFile section */
		2D2F6B8C1A66CFD3009724B5 /* WSAlbumTableViewController.m in Sources */ = {isa = PBXBuildFile; fileRef = 2D2F6B7D1A66CFD3009724B5 /* WSAlbumTableViewController.m */; };
		2D2F6B8D1A66CFD3009724B5 /* WSAssetPickerController.m in Sources */ = {isa = PBXBuildFile; fileRef = 2D2F6B811A66CFD3009724B5 /* WSAssetPickerController.m */; };
		2D2F6B8E1A66CFD3009724B5 /* WSAssetPickerState.m in Sources */ = {isa = PBXBuildFile; fileRef = 2D2F6B831A66CFD3009724B5 /* WSAssetPickerState.m */; };
		2D2F6B8F1A66CFD3009724B5 /* WSAssetsTableViewCell.m in Sources */ = {isa = PBXBuildFile; fileRef = 2D2F6B851A66CFD3009724B5 /* WSAssetsTableViewCell.m */; };
		2D2F6B901A66CFD3009724B5 /* WSAssetTableViewController.m in Sources */ = {isa = PBXBuildFile; fileRef = 2D2F6B871A66CFD3009724B5 /* WSAssetTableViewController.m */; };
		2D2F6B911A66CFD3009724B5 /* WSAssetViewColumn.m in Sources */ = {isa = PBXBuildFile; fileRef = 2D2F6B891A66CFD3009724B5 /* WSAssetViewColumn.m */; };
		2D2F6B921A66CFD3009724B5 /* WSAssetWrapper.m in Sources */ = {isa = PBXBuildFile; fileRef = 2D2F6B8B1A66CFD3009724B5 /* WSAssetWrapper.m */; };
		2D2F6B991A66D006009724B5 /* WSAssetViewSelectionIndicator.png in Resources */ = {isa = PBXBuildFile; fileRef = 2D2F6B931A66D006009724B5 /* WSAssetViewSelectionIndicator.png */; };
		2D2F6B9A1A66D006009724B5 /* WSAssetViewSelectionIndicator@2x.png in Resources */ = {isa = PBXBuildFile; fileRef = 2D2F6B941A66D006009724B5 /* WSAssetViewSelectionIndicator@2x.png */; };
		2D2F6B9B1A66D006009724B5 /* WSButtonBackground.png in Resources */ = {isa = PBXBuildFile; fileRef = 2D2F6B951A66D006009724B5 /* WSButtonBackground.png */; };
		2D2F6B9C1A66D006009724B5 /* WSButtonBackground@2x.png in Resources */ = {isa = PBXBuildFile; fileRef = 2D2F6B961A66D006009724B5 /* WSButtonBackground@2x.png */; };
		2D2F6B9D1A66D006009724B5 /* WSButtonBackgroundPressed.png in Resources */ = {isa = PBXBuildFile; fileRef = 2D2F6B971A66D006009724B5 /* WSButtonBackgroundPressed.png */; };
		2D2F6B9E1A66D006009724B5 /* WSButtonBackgroundPressed@2x.png in Resources */ = {isa = PBXBuildFile; fileRef = 2D2F6B981A66D006009724B5 /* WSButtonBackgroundPressed@2x.png */; };
		2D9CD9CB1A59F55000032CDE /* main.m in Sources */ = {isa = PBXBuildFile; fileRef = 2D9CD9CA1A59F55000032CDE /* main.m */; };
		2D9CD9CE1A59F55000032CDE /* AppDelegate.m in Sources */ = {isa = PBXBuildFile; fileRef = 2D9CD9CD1A59F55000032CDE /* AppDelegate.m */; };
		2D9CD9D11A59F55000032CDE /* ViewController.m in Sources */ = {isa = PBXBuildFile; fileRef = 2D9CD9D01A59F55000032CDE /* ViewController.m */; };
		2D9CD9D41A59F55000032CDE /* Main.storyboard in Resources */ = {isa = PBXBuildFile; fileRef = 2D9CD9D21A59F55000032CDE /* Main.storyboard */; };
		2D9CD9D61A59F55000032CDE /* Images.xcassets in Resources */ = {isa = PBXBuildFile; fileRef = 2D9CD9D51A59F55000032CDE /* Images.xcassets */; };
		2D9CD9D91A59F55000032CDE /* LaunchScreen.xib in Resources */ = {isa = PBXBuildFile; fileRef = 2D9CD9D71A59F55000032CDE /* LaunchScreen.xib */; };
		2D9CD9E51A59F55000032CDE /* ChromecastCameraTests.m in Sources */ = {isa = PBXBuildFile; fileRef = 2D9CD9E41A59F55000032CDE /* ChromecastCameraTests.m */; };
		2D9CD9EF1A59F60000032CDE /* Foundation.framework in Frameworks */ = {isa = PBXBuildFile; fileRef = 2D9CD9EE1A59F60000032CDE /* Foundation.framework */; };
		2D9CD9F11A59F60900032CDE /* UIKit.framework in Frameworks */ = {isa = PBXBuildFile; fileRef = 2D9CD9F01A59F60900032CDE /* UIKit.framework */; };
		2D9CD9F31A59F61400032CDE /* CoreGraphics.framework in Frameworks */ = {isa = PBXBuildFile; fileRef = 2D9CD9F21A59F61400032CDE /* CoreGraphics.framework */; };
		2D9CD9F51A59F61D00032CDE /* AVFoundation.framework in Frameworks */ = {isa = PBXBuildFile; fileRef = 2D9CD9F41A59F61D00032CDE /* AVFoundation.framework */; };
		2D9CD9F71A59F62700032CDE /* MediaAccessibility.framework in Frameworks */ = {isa = PBXBuildFile; fileRef = 2D9CD9F61A59F62700032CDE /* MediaAccessibility.framework */; };
		2D9CD9F91A59F63100032CDE /* CoreText.framework in Frameworks */ = {isa = PBXBuildFile; fileRef = 2D9CD9F81A59F63100032CDE /* CoreText.framework */; };
		2D9CD9FB1A59F63C00032CDE /* SystemConfiguration.framework in Frameworks */ = {isa = PBXBuildFile; fileRef = 2D9CD9FA1A59F63C00032CDE /* SystemConfiguration.framework */; };
		2D9CD9FD1A59F65300032CDE /* GoogleCast.framework in Frameworks */ = {isa = PBXBuildFile; fileRef = 2D9CD9FC1A59F65300032CDE /* GoogleCast.framework */; };
		2D9CDA031A59F7B900032CDE /* icon-cast-connected.png in Resources */ = {isa = PBXBuildFile; fileRef = 2D9CD9FF1A59F7B900032CDE /* icon-cast-connected.png */; };
		2D9CDA041A59F7B900032CDE /* icon-cast-connected@2x.png in Resources */ = {isa = PBXBuildFile; fileRef = 2D9CDA001A59F7B900032CDE /* icon-cast-connected@2x.png */; };
		2D9CDA051A59F7B900032CDE /* icon-cast-identified.png in Resources */ = {isa = PBXBuildFile; fileRef = 2D9CDA011A59F7B900032CDE /* icon-cast-identified.png */; };
		2D9CDA061A59F7B900032CDE /* icon-cast-identified@2x.png in Resources */ = {isa = PBXBuildFile; fileRef = 2D9CDA021A59F7B900032CDE /* icon-cast-identified@2x.png */; };
		2D9FEFEC1A68793600D39991 /* CCJUserModel.m in Sources */ = {isa = PBXBuildFile; fileRef = 2D9FEFEB1A68793600D39991 /* CCJUserModel.m */; };
		2D9FEFEF1A687D8B00D39991 /* CCJImageEngine.m in Sources */ = {isa = PBXBuildFile; fileRef = 2D9FEFEE1A687D8B00D39991 /* CCJImageEngine.m */; };
		2DC207471A5E300B0016CDE2 /* MobileCoreServices.framework in Frameworks */ = {isa = PBXBuildFile; fileRef = 2DC207461A5E300B0016CDE2 /* MobileCoreServices.framework */; };
		2DC3D3D51A68606100EF5F9C /* iAd.framework in Frameworks */ = {isa = PBXBuildFile; fileRef = 2DC3D3D41A68606100EF5F9C /* iAd.framework */; };
		2DC3D3D71A68606F00EF5F9C /* Social.framework in Frameworks */ = {isa = PBXBuildFile; fileRef = 2DC3D3D61A68606F00EF5F9C /* Social.framework */; };
		2DF115DA1A5B77B7000734FE /* GCDWebServer.m in Sources */ = {isa = PBXBuildFile; fileRef = 2DF115BD1A5B77B7000734FE /* GCDWebServer.m */; };
		2DF115DB1A5B77B7000734FE /* GCDWebServerConnection.m in Sources */ = {isa = PBXBuildFile; fileRef = 2DF115BF1A5B77B7000734FE /* GCDWebServerConnection.m */; };
		2DF115DC1A5B77B7000734FE /* GCDWebServerFunctions.m in Sources */ = {isa = PBXBuildFile; fileRef = 2DF115C11A5B77B7000734FE /* GCDWebServerFunctions.m */; };
		2DF115DD1A5B77B7000734FE /* GCDWebServerRequest.m in Sources */ = {isa = PBXBuildFile; fileRef = 2DF115C51A5B77B7000734FE /* GCDWebServerRequest.m */; };
		2DF115DE1A5B77B7000734FE /* GCDWebServerResponse.m in Sources */ = {isa = PBXBuildFile; fileRef = 2DF115C71A5B77B7000734FE /* GCDWebServerResponse.m */; };
		2DF115DF1A5B77B7000734FE /* GCDWebServerDataRequest.m in Sources */ = {isa = PBXBuildFile; fileRef = 2DF115CA1A5B77B7000734FE /* GCDWebServerDataRequest.m */; };
		2DF115E01A5B77B7000734FE /* GCDWebServerFileRequest.m in Sources */ = {isa = PBXBuildFile; fileRef = 2DF115CC1A5B77B7000734FE /* GCDWebServerFileRequest.m */; };
		2DF115E11A5B77B7000734FE /* GCDWebServerMultiPartFormRequest.m in Sources */ = {isa = PBXBuildFile; fileRef = 2DF115CE1A5B77B7000734FE /* GCDWebServerMultiPartFormRequest.m */; };
		2DF115E21A5B77B7000734FE /* GCDWebServerURLEncodedFormRequest.m in Sources */ = {isa = PBXBuildFile; fileRef = 2DF115D01A5B77B7000734FE /* GCDWebServerURLEncodedFormRequest.m */; };
		2DF115E31A5B77B7000734FE /* GCDWebServerDataResponse.m in Sources */ = {isa = PBXBuildFile; fileRef = 2DF115D31A5B77B7000734FE /* GCDWebServerDataResponse.m */; };
		2DF115E41A5B77B7000734FE /* GCDWebServerErrorResponse.m in Sources */ = {isa = PBXBuildFile; fileRef = 2DF115D51A5B77B7000734FE /* GCDWebServerErrorResponse.m */; };
		2DF115E51A5B77B7000734FE /* GCDWebServerFileResponse.m in Sources */ = {isa = PBXBuildFile; fileRef = 2DF115D71A5B77B7000734FE /* GCDWebServerFileResponse.m */; };
		2DF115E61A5B77B7000734FE /* GCDWebServerStreamedResponse.m in Sources */ = {isa = PBXBuildFile; fileRef = 2DF115D91A5B77B7000734FE /* GCDWebServerStreamedResponse.m */; };
		2DF115E81A5B7D02000734FE /* libz.dylib in Frameworks */ = {isa = PBXBuildFile; fileRef = 2DF115E71A5B7D02000734FE /* libz.dylib */; };
		2DFE82E51A5F28EC0043A150 /* movie-icon.jpg in Resources */ = {isa = PBXBuildFile; fileRef = 2DFE82E41A5F28EC0043A150 /* movie-icon.jpg */; };
/* End PBXBuildFile section */

/* Begin PBXContainerItemProxy section */
		2D9CD9DF1A59F55000032CDE /* PBXContainerItemProxy */ = {
			isa = PBXContainerItemProxy;
			containerPortal = 2D9CD9BD1A59F55000032CDE /* Project object */;
			proxyType = 1;
			remoteGlobalIDString = 2D9CD9C41A59F55000032CDE;
			remoteInfo = ChromecastCamera;
		};
/* End PBXContainerItemProxy section */

/* Begin PBXFileReference section */
		2D2F6B7C1A66CFD3009724B5 /* WSAlbumTableViewController.h */ = {isa = PBXFileReference; fileEncoding = 4; lastKnownFileType = sourcecode.c.h; path = WSAlbumTableViewController.h; sourceTree = "<group>"; };
		2D2F6B7D1A66CFD3009724B5 /* WSAlbumTableViewController.m */ = {isa = PBXFileReference; fileEncoding = 4; lastKnownFileType = sourcecode.c.objc; path = WSAlbumTableViewController.m; sourceTree = "<group>"; };
		2D2F6B7E1A66CFD3009724B5 /* WSAssetPicker-Prefix.pch */ = {isa = PBXFileReference; fileEncoding = 4; lastKnownFileType = sourcecode.c.h; path = "WSAssetPicker-Prefix.pch"; sourceTree = "<group>"; };
		2D2F6B7F1A66CFD3009724B5 /* WSAssetPicker.h */ = {isa = PBXFileReference; fileEncoding = 4; lastKnownFileType = sourcecode.c.h; path = WSAssetPicker.h; sourceTree = "<group>"; };
		2D2F6B801A66CFD3009724B5 /* WSAssetPickerController.h */ = {isa = PBXFileReference; fileEncoding = 4; lastKnownFileType = sourcecode.c.h; path = WSAssetPickerController.h; sourceTree = "<group>"; };
		2D2F6B811A66CFD3009724B5 /* WSAssetPickerController.m */ = {isa = PBXFileReference; fileEncoding = 4; lastKnownFileType = sourcecode.c.objc; path = WSAssetPickerController.m; sourceTree = "<group>"; };
		2D2F6B821A66CFD3009724B5 /* WSAssetPickerState.h */ = {isa = PBXFileReference; fileEncoding = 4; lastKnownFileType = sourcecode.c.h; path = WSAssetPickerState.h; sourceTree = "<group>"; };
		2D2F6B831A66CFD3009724B5 /* WSAssetPickerState.m */ = {isa = PBXFileReference; fileEncoding = 4; lastKnownFileType = sourcecode.c.objc; path = WSAssetPickerState.m; sourceTree = "<group>"; };
		2D2F6B841A66CFD3009724B5 /* WSAssetsTableViewCell.h */ = {isa = PBXFileReference; fileEncoding = 4; lastKnownFileType = sourcecode.c.h; path = WSAssetsTableViewCell.h; sourceTree = "<group>"; };
		2D2F6B851A66CFD3009724B5 /* WSAssetsTableViewCell.m */ = {isa = PBXFileReference; fileEncoding = 4; lastKnownFileType = sourcecode.c.objc; path = WSAssetsTableViewCell.m; sourceTree = "<group>"; };
		2D2F6B861A66CFD3009724B5 /* WSAssetTableViewController.h */ = {isa = PBXFileReference; fileEncoding = 4; lastKnownFileType = sourcecode.c.h; path = WSAssetTableViewController.h; sourceTree = "<group>"; };
		2D2F6B871A66CFD3009724B5 /* WSAssetTableViewController.m */ = {isa = PBXFileReference; fileEncoding = 4; lastKnownFileType = sourcecode.c.objc; path = WSAssetTableViewController.m; sourceTree = "<group>"; };
		2D2F6B881A66CFD3009724B5 /* WSAssetViewColumn.h */ = {isa = PBXFileReference; fileEncoding = 4; lastKnownFileType = sourcecode.c.h; path = WSAssetViewColumn.h; sourceTree = "<group>"; };
		2D2F6B891A66CFD3009724B5 /* WSAssetViewColumn.m */ = {isa = PBXFileReference; fileEncoding = 4; lastKnownFileType = sourcecode.c.objc; path = WSAssetViewColumn.m; sourceTree = "<group>"; };
		2D2F6B8A1A66CFD3009724B5 /* WSAssetWrapper.h */ = {isa = PBXFileReference; fileEncoding = 4; lastKnownFileType = sourcecode.c.h; path = WSAssetWrapper.h; sourceTree = "<group>"; };
		2D2F6B8B1A66CFD3009724B5 /* WSAssetWrapper.m */ = {isa = PBXFileReference; fileEncoding = 4; lastKnownFileType = sourcecode.c.objc; path = WSAssetWrapper.m; sourceTree = "<group>"; };
		2D2F6B931A66D006009724B5 /* WSAssetViewSelectionIndicator.png */ = {isa = PBXFileReference; lastKnownFileType = image.png; path = WSAssetViewSelectionIndicator.png; sourceTree = "<group>"; };
		2D2F6B941A66D006009724B5 /* WSAssetViewSelectionIndicator@2x.png */ = {isa = PBXFileReference; lastKnownFileType = image.png; path = "WSAssetViewSelectionIndicator@2x.png"; sourceTree = "<group>"; };
		2D2F6B951A66D006009724B5 /* WSButtonBackground.png */ = {isa = PBXFileReference; lastKnownFileType = image.png; path = WSButtonBackground.png; sourceTree = "<group>"; };
		2D2F6B961A66D006009724B5 /* WSButtonBackground@2x.png */ = {isa = PBXFileReference; lastKnownFileType = image.png; path = "WSButtonBackground@2x.png"; sourceTree = "<group>"; };
		2D2F6B971A66D006009724B5 /* WSButtonBackgroundPressed.png */ = {isa = PBXFileReference; lastKnownFileType = image.png; path = WSButtonBackgroundPressed.png; sourceTree = "<group>"; };
		2D2F6B981A66D006009724B5 /* WSButtonBackgroundPressed@2x.png */ = {isa = PBXFileReference; lastKnownFileType = image.png; path = "WSButtonBackgroundPressed@2x.png"; sourceTree = "<group>"; };
		2D9CD9C51A59F55000032CDE /* ChromecastCamera.app */ = {isa = PBXFileReference; explicitFileType = wrapper.application; includeInIndex = 0; path = ChromecastCamera.app; sourceTree = BUILT_PRODUCTS_DIR; };
		2D9CD9C91A59F55000032CDE /* Info.plist */ = {isa = PBXFileReference; lastKnownFileType = text.plist.xml; path = Info.plist; sourceTree = "<group>"; };
		2D9CD9CA1A59F55000032CDE /* main.m */ = {isa = PBXFileReference; lastKnownFileType = sourcecode.c.objc; path = main.m; sourceTree = "<group>"; };
		2D9CD9CC1A59F55000032CDE /* AppDelegate.h */ = {isa = PBXFileReference; lastKnownFileType = sourcecode.c.h; path = AppDelegate.h; sourceTree = "<group>"; };
		2D9CD9CD1A59F55000032CDE /* AppDelegate.m */ = {isa = PBXFileReference; lastKnownFileType = sourcecode.c.objc; path = AppDelegate.m; sourceTree = "<group>"; };
		2D9CD9CF1A59F55000032CDE /* ViewController.h */ = {isa = PBXFileReference; lastKnownFileType = sourcecode.c.h; path = ViewController.h; sourceTree = "<group>"; };
		2D9CD9D01A59F55000032CDE /* ViewController.m */ = {isa = PBXFileReference; lastKnownFileType = sourcecode.c.objc; path = ViewController.m; sourceTree = "<group>"; };
		2D9CD9D31A59F55000032CDE /* Base */ = {isa = PBXFileReference; lastKnownFileType = file.storyboard; name = Base; path = Base.lproj/Main.storyboard; sourceTree = "<group>"; };
		2D9CD9D51A59F55000032CDE /* Images.xcassets */ = {isa = PBXFileReference; lastKnownFileType = folder.assetcatalog; path = Images.xcassets; sourceTree = "<group>"; };
		2D9CD9D81A59F55000032CDE /* Base */ = {isa = PBXFileReference; lastKnownFileType = file.xib; name = Base; path = Base.lproj/LaunchScreen.xib; sourceTree = "<group>"; };
		2D9CD9DE1A59F55000032CDE /* ChromecastCameraTests.xctest */ = {isa = PBXFileReference; explicitFileType = wrapper.cfbundle; includeInIndex = 0; path = ChromecastCameraTests.xctest; sourceTree = BUILT_PRODUCTS_DIR; };
		2D9CD9E31A59F55000032CDE /* Info.plist */ = {isa = PBXFileReference; lastKnownFileType = text.plist.xml; path = Info.plist; sourceTree = "<group>"; };
		2D9CD9E41A59F55000032CDE /* ChromecastCameraTests.m */ = {isa = PBXFileReference; lastKnownFileType = sourcecode.c.objc; path = ChromecastCameraTests.m; sourceTree = "<group>"; };
		2D9CD9EE1A59F60000032CDE /* Foundation.framework */ = {isa = PBXFileReference; lastKnownFileType = wrapper.framework; name = Foundation.framework; path = System/Library/Frameworks/Foundation.framework; sourceTree = SDKROOT; };
		2D9CD9F01A59F60900032CDE /* UIKit.framework */ = {isa = PBXFileReference; lastKnownFileType = wrapper.framework; name = UIKit.framework; path = System/Library/Frameworks/UIKit.framework; sourceTree = SDKROOT; };
		2D9CD9F21A59F61400032CDE /* CoreGraphics.framework */ = {isa = PBXFileReference; lastKnownFileType = wrapper.framework; name = CoreGraphics.framework; path = System/Library/Frameworks/CoreGraphics.framework; sourceTree = SDKROOT; };
		2D9CD9F41A59F61D00032CDE /* AVFoundation.framework */ = {isa = PBXFileReference; lastKnownFileType = wrapper.framework; name = AVFoundation.framework; path = System/Library/Frameworks/AVFoundation.framework; sourceTree = SDKROOT; };
		2D9CD9F61A59F62700032CDE /* MediaAccessibility.framework */ = {isa = PBXFileReference; lastKnownFileType = wrapper.framework; name = MediaAccessibility.framework; path = System/Library/Frameworks/MediaAccessibility.framework; sourceTree = SDKROOT; };
		2D9CD9F81A59F63100032CDE /* CoreText.framework */ = {isa = PBXFileReference; lastKnownFileType = wrapper.framework; name = CoreText.framework; path = System/Library/Frameworks/CoreText.framework; sourceTree = SDKROOT; };
		2D9CD9FA1A59F63C00032CDE /* SystemConfiguration.framework */ = {isa = PBXFileReference; lastKnownFileType = wrapper.framework; name = SystemConfiguration.framework; path = System/Library/Frameworks/SystemConfiguration.framework; sourceTree = SDKROOT; };
		2D9CD9FC1A59F65300032CDE /* GoogleCast.framework */ = {isa = PBXFileReference; lastKnownFileType = wrapper.framework; name = GoogleCast.framework; path = "../GoogleCastSDK-2.5.1-Release/GoogleCast.framework"; sourceTree = "<group>"; };
		2D9CD9FF1A59F7B900032CDE /* icon-cast-connected.png */ = {isa = PBXFileReference; lastKnownFileType = image.png; path = "icon-cast-connected.png"; sourceTree = "<group>"; };
		2D9CDA001A59F7B900032CDE /* icon-cast-connected@2x.png */ = {isa = PBXFileReference; lastKnownFileType = image.png; path = "icon-cast-connected@2x.png"; sourceTree = "<group>"; };
		2D9CDA011A59F7B900032CDE /* icon-cast-identified.png */ = {isa = PBXFileReference; lastKnownFileType = image.png; path = "icon-cast-identified.png"; sourceTree = "<group>"; };
		2D9CDA021A59F7B900032CDE /* icon-cast-identified@2x.png */ = {isa = PBXFileReference; lastKnownFileType = image.png; path = "icon-cast-identified@2x.png"; sourceTree = "<group>"; };
		2D9FEFEA1A68793600D39991 /* CCJUserModel.h */ = {isa = PBXFileReference; fileEncoding = 4; lastKnownFileType = sourcecode.c.h; path = CCJUserModel.h; sourceTree = "<group>"; };
		2D9FEFEB1A68793600D39991 /* CCJUserModel.m */ = {isa = PBXFileReference; fileEncoding = 4; lastKnownFileType = sourcecode.c.objc; path = CCJUserModel.m; sourceTree = "<group>"; };
		2D9FEFED1A687D8B00D39991 /* CCJImageEngine.h */ = {isa = PBXFileReference; fileEncoding = 4; lastKnownFileType = sourcecode.c.h; path = CCJImageEngine.h; sourceTree = "<group>"; };
		2D9FEFEE1A687D8B00D39991 /* CCJImageEngine.m */ = {isa = PBXFileReference; fileEncoding = 4; lastKnownFileType = sourcecode.c.objc; path = CCJImageEngine.m; sourceTree = "<group>"; };
		2DC207461A5E300B0016CDE2 /* MobileCoreServices.framework */ = {isa = PBXFileReference; lastKnownFileType = wrapper.framework; name = MobileCoreServices.framework; path = System/Library/Frameworks/MobileCoreServices.framework; sourceTree = SDKROOT; };
		2DC3D3D41A68606100EF5F9C /* iAd.framework */ = {isa = PBXFileReference; lastKnownFileType = wrapper.framework; name = iAd.framework; path = System/Library/Frameworks/iAd.framework; sourceTree = SDKROOT; };
		2DC3D3D61A68606F00EF5F9C /* Social.framework */ = {isa = PBXFileReference; lastKnownFileType = wrapper.framework; name = Social.framework; path = System/Library/Frameworks/Social.framework; sourceTree = SDKROOT; };
		2DF115BC1A5B77B7000734FE /* GCDWebServer.h */ = {isa = PBXFileReference; fileEncoding = 4; lastKnownFileType = sourcecode.c.h; path = GCDWebServer.h; sourceTree = "<group>"; };
		2DF115BD1A5B77B7000734FE /* GCDWebServer.m */ = {isa = PBXFileReference; fileEncoding = 4; lastKnownFileType = sourcecode.c.objc; path = GCDWebServer.m; sourceTree = "<group>"; };
		2DF115BE1A5B77B7000734FE /* GCDWebServerConnection.h */ = {isa = PBXFileReference; fileEncoding = 4; lastKnownFileType = sourcecode.c.h; path = GCDWebServerConnection.h; sourceTree = "<group>"; };
		2DF115BF1A5B77B7000734FE /* GCDWebServerConnection.m */ = {isa = PBXFileReference; fileEncoding = 4; lastKnownFileType = sourcecode.c.objc; path = GCDWebServerConnection.m; sourceTree = "<group>"; };
		2DF115C01A5B77B7000734FE /* GCDWebServerFunctions.h */ = {isa = PBXFileReference; fileEncoding = 4; lastKnownFileType = sourcecode.c.h; path = GCDWebServerFunctions.h; sourceTree = "<group>"; };
		2DF115C11A5B77B7000734FE /* GCDWebServerFunctions.m */ = {isa = PBXFileReference; fileEncoding = 4; lastKnownFileType = sourcecode.c.objc; path = GCDWebServerFunctions.m; sourceTree = "<group>"; };
		2DF115C21A5B77B7000734FE /* GCDWebServerHTTPStatusCodes.h */ = {isa = PBXFileReference; fileEncoding = 4; lastKnownFileType = sourcecode.c.h; path = GCDWebServerHTTPStatusCodes.h; sourceTree = "<group>"; };
		2DF115C31A5B77B7000734FE /* GCDWebServerPrivate.h */ = {isa = PBXFileReference; fileEncoding = 4; lastKnownFileType = sourcecode.c.h; path = GCDWebServerPrivate.h; sourceTree = "<group>"; };
		2DF115C41A5B77B7000734FE /* GCDWebServerRequest.h */ = {isa = PBXFileReference; fileEncoding = 4; lastKnownFileType = sourcecode.c.h; path = GCDWebServerRequest.h; sourceTree = "<group>"; };
		2DF115C51A5B77B7000734FE /* GCDWebServerRequest.m */ = {isa = PBXFileReference; fileEncoding = 4; lastKnownFileType = sourcecode.c.objc; path = GCDWebServerRequest.m; sourceTree = "<group>"; };
		2DF115C61A5B77B7000734FE /* GCDWebServerResponse.h */ = {isa = PBXFileReference; fileEncoding = 4; lastKnownFileType = sourcecode.c.h; path = GCDWebServerResponse.h; sourceTree = "<group>"; };
		2DF115C71A5B77B7000734FE /* GCDWebServerResponse.m */ = {isa = PBXFileReference; fileEncoding = 4; lastKnownFileType = sourcecode.c.objc; path = GCDWebServerResponse.m; sourceTree = "<group>"; };
		2DF115C91A5B77B7000734FE /* GCDWebServerDataRequest.h */ = {isa = PBXFileReference; fileEncoding = 4; lastKnownFileType = sourcecode.c.h; path = GCDWebServerDataRequest.h; sourceTree = "<group>"; };
		2DF115CA1A5B77B7000734FE /* GCDWebServerDataRequest.m */ = {isa = PBXFileReference; fileEncoding = 4; lastKnownFileType = sourcecode.c.objc; path = GCDWebServerDataRequest.m; sourceTree = "<group>"; };
		2DF115CB1A5B77B7000734FE /* GCDWebServerFileRequest.h */ = {isa = PBXFileReference; fileEncoding = 4; lastKnownFileType = sourcecode.c.h; path = GCDWebServerFileRequest.h; sourceTree = "<group>"; };
		2DF115CC1A5B77B7000734FE /* GCDWebServerFileRequest.m */ = {isa = PBXFileReference; fileEncoding = 4; lastKnownFileType = sourcecode.c.objc; path = GCDWebServerFileRequest.m; sourceTree = "<group>"; };
		2DF115CD1A5B77B7000734FE /* GCDWebServerMultiPartFormRequest.h */ = {isa = PBXFileReference; fileEncoding = 4; lastKnownFileType = sourcecode.c.h; path = GCDWebServerMultiPartFormRequest.h; sourceTree = "<group>"; };
		2DF115CE1A5B77B7000734FE /* GCDWebServerMultiPartFormRequest.m */ = {isa = PBXFileReference; fileEncoding = 4; lastKnownFileType = sourcecode.c.objc; path = GCDWebServerMultiPartFormRequest.m; sourceTree = "<group>"; };
		2DF115CF1A5B77B7000734FE /* GCDWebServerURLEncodedFormRequest.h */ = {isa = PBXFileReference; fileEncoding = 4; lastKnownFileType = sourcecode.c.h; path = GCDWebServerURLEncodedFormRequest.h; sourceTree = "<group>"; };
		2DF115D01A5B77B7000734FE /* GCDWebServerURLEncodedFormRequest.m */ = {isa = PBXFileReference; fileEncoding = 4; lastKnownFileType = sourcecode.c.objc; path = GCDWebServerURLEncodedFormRequest.m; sourceTree = "<group>"; };
		2DF115D21A5B77B7000734FE /* GCDWebServerDataResponse.h */ = {isa = PBXFileReference; fileEncoding = 4; lastKnownFileType = sourcecode.c.h; path = GCDWebServerDataResponse.h; sourceTree = "<group>"; };
		2DF115D31A5B77B7000734FE /* GCDWebServerDataResponse.m */ = {isa = PBXFileReference; fileEncoding = 4; lastKnownFileType = sourcecode.c.objc; path = GCDWebServerDataResponse.m; sourceTree = "<group>"; };
		2DF115D41A5B77B7000734FE /* GCDWebServerErrorResponse.h */ = {isa = PBXFileReference; fileEncoding = 4; lastKnownFileType = sourcecode.c.h; path = GCDWebServerErrorResponse.h; sourceTree = "<group>"; };
		2DF115D51A5B77B7000734FE /* GCDWebServerErrorResponse.m */ = {isa = PBXFileReference; fileEncoding = 4; lastKnownFileType = sourcecode.c.objc; path = GCDWebServerErrorResponse.m; sourceTree = "<group>"; };
		2DF115D61A5B77B7000734FE /* GCDWebServerFileResponse.h */ = {isa = PBXFileReference; fileEncoding = 4; lastKnownFileType = sourcecode.c.h; path = GCDWebServerFileResponse.h; sourceTree = "<group>"; };
		2DF115D71A5B77B7000734FE /* GCDWebServerFileResponse.m */ = {isa = PBXFileReference; fileEncoding = 4; lastKnownFileType = sourcecode.c.objc; path = GCDWebServerFileResponse.m; sourceTree = "<group>"; };
		2DF115D81A5B77B7000734FE /* GCDWebServerStreamedResponse.h */ = {isa = PBXFileReference; fileEncoding = 4; lastKnownFileType = sourcecode.c.h; path = GCDWebServerStreamedResponse.h; sourceTree = "<group>"; };
		2DF115D91A5B77B7000734FE /* GCDWebServerStreamedResponse.m */ = {isa = PBXFileReference; fileEncoding = 4; lastKnownFileType = sourcecode.c.objc; path = GCDWebServerStreamedResponse.m; sourceTree = "<group>"; };
		2DF115E71A5B7D02000734FE /* libz.dylib */ = {isa = PBXFileReference; lastKnownFileType = "compiled.mach-o.dylib"; name = libz.dylib; path = usr/lib/libz.dylib; sourceTree = SDKROOT; };
		2DFE82E41A5F28EC0043A150 /* movie-icon.jpg */ = {isa = PBXFileReference; lastKnownFileType = image.jpeg; path = "movie-icon.jpg"; sourceTree = "<group>"; };
/* End PBXFileReference section */

/* Begin PBXFrameworksBuildPhase section */
		2D9CD9C21A59F55000032CDE /* Frameworks */ = {
			isa = PBXFrameworksBuildPhase;
			buildActionMask = 2147483647;
			files = (
				2DC3D3D71A68606F00EF5F9C /* Social.framework in Frameworks */,
				2DC3D3D51A68606100EF5F9C /* iAd.framework in Frameworks */,
				2DC207471A5E300B0016CDE2 /* MobileCoreServices.framework in Frameworks */,
				2DF115E81A5B7D02000734FE /* libz.dylib in Frameworks */,
				2D9CD9FB1A59F63C00032CDE /* SystemConfiguration.framework in Frameworks */,
				2D9CD9F91A59F63100032CDE /* CoreText.framework in Frameworks */,
				2D9CD9F71A59F62700032CDE /* MediaAccessibility.framework in Frameworks */,
				2D9CD9F51A59F61D00032CDE /* AVFoundation.framework in Frameworks */,
				2D9CD9F31A59F61400032CDE /* CoreGraphics.framework in Frameworks */,
				2D9CD9F11A59F60900032CDE /* UIKit.framework in Frameworks */,
				2D9CD9EF1A59F60000032CDE /* Foundation.framework in Frameworks */,
				2D9CD9FD1A59F65300032CDE /* GoogleCast.framework in Frameworks */,
			);
			runOnlyForDeploymentPostprocessing = 0;
		};
		2D9CD9DB1A59F55000032CDE /* Frameworks */ = {
			isa = PBXFrameworksBuildPhase;
			buildActionMask = 2147483647;
			files = (
			);
			runOnlyForDeploymentPostprocessing = 0;
		};
/* End PBXFrameworksBuildPhase section */

/* Begin PBXGroup section */
		2D2F6B7B1A66CFAA009724B5 /* WSAssetPickerController */ = {
			isa = PBXGroup;
			children = (
				2D2F6B7C1A66CFD3009724B5 /* WSAlbumTableViewController.h */,
				2D2F6B7D1A66CFD3009724B5 /* WSAlbumTableViewController.m */,
				2D2F6B7E1A66CFD3009724B5 /* WSAssetPicker-Prefix.pch */,
				2D2F6B7F1A66CFD3009724B5 /* WSAssetPicker.h */,
				2D2F6B801A66CFD3009724B5 /* WSAssetPickerController.h */,
				2D2F6B811A66CFD3009724B5 /* WSAssetPickerController.m */,
				2D2F6B821A66CFD3009724B5 /* WSAssetPickerState.h */,
				2D2F6B831A66CFD3009724B5 /* WSAssetPickerState.m */,
				2D2F6B841A66CFD3009724B5 /* WSAssetsTableViewCell.h */,
				2D2F6B851A66CFD3009724B5 /* WSAssetsTableViewCell.m */,
				2D2F6B861A66CFD3009724B5 /* WSAssetTableViewController.h */,
				2D2F6B871A66CFD3009724B5 /* WSAssetTableViewController.m */,
				2D2F6B881A66CFD3009724B5 /* WSAssetViewColumn.h */,
				2D2F6B891A66CFD3009724B5 /* WSAssetViewColumn.m */,
				2D2F6B8A1A66CFD3009724B5 /* WSAssetWrapper.h */,
				2D2F6B8B1A66CFD3009724B5 /* WSAssetWrapper.m */,
			);
			name = WSAssetPickerController;
			sourceTree = "<group>";
		};
		2D9CD9BC1A59F55000032CDE = {
			isa = PBXGroup;
			children = (
				2D2F6B7B1A66CFAA009724B5 /* WSAssetPickerController */,
				2DF115BA1A5B77B7000734FE /* GCDWebServer */,
				2D9CD9FE1A59F67800032CDE /* Frameworks */,
				2D9CD9C71A59F55000032CDE /* ChromecastCamera */,
				2D9CD9E11A59F55000032CDE /* ChromecastCameraTests */,
				2D9CD9C61A59F55000032CDE /* Products */,
			);
			sourceTree = "<group>";
		};
		2D9CD9C61A59F55000032CDE /* Products */ = {
			isa = PBXGroup;
			children = (
				2D9CD9C51A59F55000032CDE /* ChromecastCamera.app */,
				2D9CD9DE1A59F55000032CDE /* ChromecastCameraTests.xctest */,
			);
			name = Products;
			sourceTree = "<group>";
		};
		2D9CD9C71A59F55000032CDE /* ChromecastCamera */ = {
			isa = PBXGroup;
			children = (
				2D9CD9CC1A59F55000032CDE /* AppDelegate.h */,
				2D9CD9CD1A59F55000032CDE /* AppDelegate.m */,
				2D9CD9CF1A59F55000032CDE /* ViewController.h */,
				2D9CD9D01A59F55000032CDE /* ViewController.m */,
				2D9FEFED1A687D8B00D39991 /* CCJImageEngine.h */,
				2D9FEFEE1A687D8B00D39991 /* CCJImageEngine.m */,
				2D9FEFEA1A68793600D39991 /* CCJUserModel.h */,
				2D9FEFEB1A68793600D39991 /* CCJUserModel.m */,
				2D9CD9D21A59F55000032CDE /* Main.storyboard */,
				2D9CD9D51A59F55000032CDE /* Images.xcassets */,
				2D9CD9D71A59F55000032CDE /* LaunchScreen.xib */,
				2D9CD9C81A59F55000032CDE /* Supporting Files */,
			);
			path = ChromecastCamera;
			sourceTree = "<group>";
		};
		2D9CD9C81A59F55000032CDE /* Supporting Files */ = {
			isa = PBXGroup;
			children = (
				2D9CD9FF1A59F7B900032CDE /* icon-cast-connected.png */,
				2D9CDA001A59F7B900032CDE /* icon-cast-connected@2x.png */,
				2D9CDA011A59F7B900032CDE /* icon-cast-identified.png */,
				2D9CDA021A59F7B900032CDE /* icon-cast-identified@2x.png */,
				2D2F6B931A66D006009724B5 /* WSAssetViewSelectionIndicator.png */,
				2D2F6B941A66D006009724B5 /* WSAssetViewSelectionIndicator@2x.png */,
				2D2F6B951A66D006009724B5 /* WSButtonBackground.png */,
				2D2F6B961A66D006009724B5 /* WSButtonBackground@2x.png */,
				2D2F6B971A66D006009724B5 /* WSButtonBackgroundPressed.png */,
				2D2F6B981A66D006009724B5 /* WSButtonBackgroundPressed@2x.png */,
				2DFE82E41A5F28EC0043A150 /* movie-icon.jpg */,
				2D9CD9C91A59F55000032CDE /* Info.plist */,
				2D9CD9CA1A59F55000032CDE /* main.m */,
			);
			name = "Supporting Files";
			sourceTree = "<group>";
		};
		2D9CD9E11A59F55000032CDE /* ChromecastCameraTests */ = {
			isa = PBXGroup;
			children = (
				2D9CD9E41A59F55000032CDE /* ChromecastCameraTests.m */,
				2D9CD9E21A59F55000032CDE /* Supporting Files */,
			);
			path = ChromecastCameraTests;
			sourceTree = "<group>";
		};
		2D9CD9E21A59F55000032CDE /* Supporting Files */ = {
			isa = PBXGroup;
			children = (
				2D9CD9E31A59F55000032CDE /* Info.plist */,
			);
			name = "Supporting Files";
			sourceTree = "<group>";
		};
		2D9CD9FE1A59F67800032CDE /* Frameworks */ = {
			isa = PBXGroup;
			children = (
				2DC3D3D61A68606F00EF5F9C /* Social.framework */,
				2DC3D3D41A68606100EF5F9C /* iAd.framework */,
				2DC207461A5E300B0016CDE2 /* MobileCoreServices.framework */,
				2DF115E71A5B7D02000734FE /* libz.dylib */,
				2D9CD9FC1A59F65300032CDE /* GoogleCast.framework */,
				2D9CD9FA1A59F63C00032CDE /* SystemConfiguration.framework */,
				2D9CD9F81A59F63100032CDE /* CoreText.framework */,
				2D9CD9F61A59F62700032CDE /* MediaAccessibility.framework */,
				2D9CD9F41A59F61D00032CDE /* AVFoundation.framework */,
				2D9CD9F21A59F61400032CDE /* CoreGraphics.framework */,
				2D9CD9F01A59F60900032CDE /* UIKit.framework */,
				2D9CD9EE1A59F60000032CDE /* Foundation.framework */,
			);
			name = Frameworks;
			sourceTree = "<group>";
		};
		2DF115BA1A5B77B7000734FE /* GCDWebServer */ = {
			isa = PBXGroup;
			children = (
				2DF115BB1A5B77B7000734FE /* Core */,
				2DF115C81A5B77B7000734FE /* Requests */,
				2DF115D11A5B77B7000734FE /* Responses */,
			);
			path = GCDWebServer;
			sourceTree = "<group>";
		};
		2DF115BB1A5B77B7000734FE /* Core */ = {
			isa = PBXGroup;
			children = (
				2DF115BC1A5B77B7000734FE /* GCDWebServer.h */,
				2DF115BD1A5B77B7000734FE /* GCDWebServer.m */,
				2DF115BE1A5B77B7000734FE /* GCDWebServerConnection.h */,
				2DF115BF1A5B77B7000734FE /* GCDWebServerConnection.m */,
				2DF115C01A5B77B7000734FE /* GCDWebServerFunctions.h */,
				2DF115C11A5B77B7000734FE /* GCDWebServerFunctions.m */,
				2DF115C21A5B77B7000734FE /* GCDWebServerHTTPStatusCodes.h */,
				2DF115C31A5B77B7000734FE /* GCDWebServerPrivate.h */,
				2DF115C41A5B77B7000734FE /* GCDWebServerRequest.h */,
				2DF115C51A5B77B7000734FE /* GCDWebServerRequest.m */,
				2DF115C61A5B77B7000734FE /* GCDWebServerResponse.h */,
				2DF115C71A5B77B7000734FE /* GCDWebServerResponse.m */,
			);
			path = Core;
			sourceTree = "<group>";
		};
		2DF115C81A5B77B7000734FE /* Requests */ = {
			isa = PBXGroup;
			children = (
				2DF115C91A5B77B7000734FE /* GCDWebServerDataRequest.h */,
				2DF115CA1A5B77B7000734FE /* GCDWebServerDataRequest.m */,
				2DF115CB1A5B77B7000734FE /* GCDWebServerFileRequest.h */,
				2DF115CC1A5B77B7000734FE /* GCDWebServerFileRequest.m */,
				2DF115CD1A5B77B7000734FE /* GCDWebServerMultiPartFormRequest.h */,
				2DF115CE1A5B77B7000734FE /* GCDWebServerMultiPartFormRequest.m */,
				2DF115CF1A5B77B7000734FE /* GCDWebServerURLEncodedFormRequest.h */,
				2DF115D01A5B77B7000734FE /* GCDWebServerURLEncodedFormRequest.m */,
			);
			path = Requests;
			sourceTree = "<group>";
		};
		2DF115D11A5B77B7000734FE /* Responses */ = {
			isa = PBXGroup;
			children = (
				2DF115D21A5B77B7000734FE /* GCDWebServerDataResponse.h */,
				2DF115D31A5B77B7000734FE /* GCDWebServerDataResponse.m */,
				2DF115D41A5B77B7000734FE /* GCDWebServerErrorResponse.h */,
				2DF115D51A5B77B7000734FE /* GCDWebServerErrorResponse.m */,
				2DF115D61A5B77B7000734FE /* GCDWebServerFileResponse.h */,
				2DF115D71A5B77B7000734FE /* GCDWebServerFileResponse.m */,
				2DF115D81A5B77B7000734FE /* GCDWebServerStreamedResponse.h */,
				2DF115D91A5B77B7000734FE /* GCDWebServerStreamedResponse.m */,
			);
			path = Responses;
			sourceTree = "<group>";
		};
/* End PBXGroup section */

/* Begin PBXNativeTarget section */
		2D9CD9C41A59F55000032CDE /* ChromecastCamera */ = {
			isa = PBXNativeTarget;
			buildConfigurationList = 2D9CD9E81A59F55000032CDE /* Build configuration list for PBXNativeTarget "ChromecastCamera" */;
			buildPhases = (
				2D9CD9C11A59F55000032CDE /* Sources */,
				2D9CD9C21A59F55000032CDE /* Frameworks */,
				2D9CD9C31A59F55000032CDE /* Resources */,
			);
			buildRules = (
			);
			dependencies = (
			);
			name = ChromecastCamera;
			productName = ChromecastCamera;
			productReference = 2D9CD9C51A59F55000032CDE /* ChromecastCamera.app */;
			productType = "com.apple.product-type.application";
		};
		2D9CD9DD1A59F55000032CDE /* ChromecastCameraTests */ = {
			isa = PBXNativeTarget;
			buildConfigurationList = 2D9CD9EB1A59F55000032CDE /* Build configuration list for PBXNativeTarget "ChromecastCameraTests" */;
			buildPhases = (
				2D9CD9DA1A59F55000032CDE /* Sources */,
				2D9CD9DB1A59F55000032CDE /* Frameworks */,
				2D9CD9DC1A59F55000032CDE /* Resources */,
			);
			buildRules = (
			);
			dependencies = (
				2D9CD9E01A59F55000032CDE /* PBXTargetDependency */,
			);
			name = ChromecastCameraTests;
			productName = ChromecastCameraTests;
			productReference = 2D9CD9DE1A59F55000032CDE /* ChromecastCameraTests.xctest */;
			productType = "com.apple.product-type.bundle.unit-test";
		};
/* End PBXNativeTarget section */

/* Begin PBXProject section */
		2D9CD9BD1A59F55000032CDE /* Project object */ = {
			isa = PBXProject;
			attributes = {
				LastUpgradeCheck = 0610;
				ORGANIZATIONNAME = "Chris Jungmann";
				TargetAttributes = {
					2D9CD9C41A59F55000032CDE = {
						CreatedOnToolsVersion = 6.1;
					};
					2D9CD9DD1A59F55000032CDE = {
						CreatedOnToolsVersion = 6.1;
						TestTargetID = 2D9CD9C41A59F55000032CDE;
					};
				};
			};
			buildConfigurationList = 2D9CD9C01A59F55000032CDE /* Build configuration list for PBXProject "ChromecastCamera" */;
			compatibilityVersion = "Xcode 3.2";
			developmentRegion = English;
			hasScannedForEncodings = 0;
			knownRegions = (
				en,
				Base,
			);
			mainGroup = 2D9CD9BC1A59F55000032CDE;
			productRefGroup = 2D9CD9C61A59F55000032CDE /* Products */;
			projectDirPath = "";
			projectRoot = "";
			targets = (
				2D9CD9C41A59F55000032CDE /* ChromecastCamera */,
				2D9CD9DD1A59F55000032CDE /* ChromecastCameraTests */,
			);
		};
/* End PBXProject section */

/* Begin PBXResourcesBuildPhase section */
		2D9CD9C31A59F55000032CDE /* Resources */ = {
			isa = PBXResourcesBuildPhase;
			buildActionMask = 2147483647;
			files = (
				2D9CD9D41A59F55000032CDE /* Main.storyboard in Resources */,
				2D2F6B9A1A66D006009724B5 /* WSAssetViewSelectionIndicator@2x.png in Resources */,
				2D2F6B9E1A66D006009724B5 /* WSButtonBackgroundPressed@2x.png in Resources */,
				2D9CD9D91A59F55000032CDE /* LaunchScreen.xib in Resources */,
				2D9CDA051A59F7B900032CDE /* icon-cast-identified.png in Resources */,
				2D2F6B9C1A66D006009724B5 /* WSButtonBackground@2x.png in Resources */,
				2D9CD9D61A59F55000032CDE /* Images.xcassets in Resources */,
				2D9CDA061A59F7B900032CDE /* icon-cast-identified@2x.png in Resources */,
				2D2F6B9B1A66D006009724B5 /* WSButtonBackground.png in Resources */,
				2D2F6B991A66D006009724B5 /* WSAssetViewSelectionIndicator.png in Resources */,
				2D9CDA041A59F7B900032CDE /* icon-cast-connected@2x.png in Resources */,
				2D2F6B9D1A66D006009724B5 /* WSButtonBackgroundPressed.png in Resources */,
				2DFE82E51A5F28EC0043A150 /* movie-icon.jpg in Resources */,
				2D9CDA031A59F7B900032CDE /* icon-cast-connected.png in Resources */,
			);
			runOnlyForDeploymentPostprocessing = 0;
		};
		2D9CD9DC1A59F55000032CDE /* Resources */ = {
			isa = PBXResourcesBuildPhase;
			buildActionMask = 2147483647;
			files = (
			);
			runOnlyForDeploymentPostprocessing = 0;
		};
/* End PBXResourcesBuildPhase section */

/* Begin PBXSourcesBuildPhase section */
		2D9CD9C11A59F55000032CDE /* Sources */ = {
			isa = PBXSourcesBuildPhase;
			buildActionMask = 2147483647;
			files = (
				2DF115E61A5B77B7000734FE /* GCDWebServerStreamedResponse.m in Sources */,
				2D9FEFEC1A68793600D39991 /* CCJUserModel.m in Sources */,
				2D2F6B911A66CFD3009724B5 /* WSAssetViewColumn.m in Sources */,
				2DF115E11A5B77B7000734FE /* GCDWebServerMultiPartFormRequest.m in Sources */,
				2DF115E31A5B77B7000734FE /* GCDWebServerDataResponse.m in Sources */,
				2DF115E41A5B77B7000734FE /* GCDWebServerErrorResponse.m in Sources */,
				2D2F6B8E1A66CFD3009724B5 /* WSAssetPickerState.m in Sources */,
				2DF115DA1A5B77B7000734FE /* GCDWebServer.m in Sources */,
				2DF115E51A5B77B7000734FE /* GCDWebServerFileResponse.m in Sources */,
				2D9CD9D11A59F55000032CDE /* ViewController.m in Sources */,
				2DF115DC1A5B77B7000734FE /* GCDWebServerFunctions.m in Sources */,
				2DF115DE1A5B77B7000734FE /* GCDWebServerResponse.m in Sources */,
				2D2F6B8F1A66CFD3009724B5 /* WSAssetsTableViewCell.m in Sources */,
				2D9FEFEF1A687D8B00D39991 /* CCJImageEngine.m in Sources */,
				2D2F6B8C1A66CFD3009724B5 /* WSAlbumTableViewController.m in Sources */,
				2D2F6B921A66CFD3009724B5 /* WSAssetWrapper.m in Sources */,
				2D2F6B901A66CFD3009724B5 /* WSAssetTableViewController.m in Sources */,
				2DF115DB1A5B77B7000734FE /* GCDWebServerConnection.m in Sources */,
				2D9CD9CE1A59F55000032CDE /* AppDelegate.m in Sources */,
				2DF115E21A5B77B7000734FE /* GCDWebServerURLEncodedFormRequest.m in Sources */,
				2DF115E01A5B77B7000734FE /* GCDWebServerFileRequest.m in Sources */,
				2D2F6B8D1A66CFD3009724B5 /* WSAssetPickerController.m in Sources */,
				2DF115DD1A5B77B7000734FE /* GCDWebServerRequest.m in Sources */,
				2D9CD9CB1A59F55000032CDE /* main.m in Sources */,
				2DF115DF1A5B77B7000734FE /* GCDWebServerDataRequest.m in Sources */,
			);
			runOnlyForDeploymentPostprocessing = 0;
		};
		2D9CD9DA1A59F55000032CDE /* Sources */ = {
			isa = PBXSourcesBuildPhase;
			buildActionMask = 2147483647;
			files = (
				2D9CD9E51A59F55000032CDE /* ChromecastCameraTests.m in Sources */,
			);
			runOnlyForDeploymentPostprocessing = 0;
		};
/* End PBXSourcesBuildPhase section */

/* Begin PBXTargetDependency section */
		2D9CD9E01A59F55000032CDE /* PBXTargetDependency */ = {
			isa = PBXTargetDependency;
			target = 2D9CD9C41A59F55000032CDE /* ChromecastCamera */;
			targetProxy = 2D9CD9DF1A59F55000032CDE /* PBXContainerItemProxy */;
		};
/* End PBXTargetDependency section */

/* Begin PBXVariantGroup section */
		2D9CD9D21A59F55000032CDE /* Main.storyboard */ = {
			isa = PBXVariantGroup;
			children = (
				2D9CD9D31A59F55000032CDE /* Base */,
			);
			name = Main.storyboard;
			sourceTree = "<group>";
		};
		2D9CD9D71A59F55000032CDE /* LaunchScreen.xib */ = {
			isa = PBXVariantGroup;
			children = (
				2D9CD9D81A59F55000032CDE /* Base */,
			);
			name = LaunchScreen.xib;
			sourceTree = "<group>";
		};
/* End PBXVariantGroup section */

/* Begin XCBuildConfiguration section */
		2D9CD9E61A59F55000032CDE /* Debug */ = {
			isa = XCBuildConfiguration;
			buildSettings = {
				ALWAYS_SEARCH_USER_PATHS = NO;
				CLANG_CXX_LANGUAGE_STANDARD = "gnu++0x";
				CLANG_CXX_LIBRARY = "libc++";
				CLANG_ENABLE_MODULES = YES;
				CLANG_ENABLE_OBJC_ARC = YES;
				CLANG_WARN_BOOL_CONVERSION = YES;
				CLANG_WARN_CONSTANT_CONVERSION = YES;
				CLANG_WARN_DIRECT_OBJC_ISA_USAGE = YES_ERROR;
				CLANG_WARN_EMPTY_BODY = YES;
				CLANG_WARN_ENUM_CONVERSION = YES;
				CLANG_WARN_INT_CONVERSION = YES;
				CLANG_WARN_OBJC_ROOT_CLASS = YES_ERROR;
				CLANG_WARN_UNREACHABLE_CODE = YES;
				CLANG_WARN__DUPLICATE_METHOD_MATCH = YES;
				"CODE_SIGN_IDENTITY[sdk=iphoneos*]" = "iPhone Developer";
				COPY_PHASE_STRIP = NO;
				ENABLE_STRICT_OBJC_MSGSEND = YES;
				GCC_C_LANGUAGE_STANDARD = gnu99;
				GCC_DYNAMIC_NO_PIC = NO;
				GCC_OPTIMIZATION_LEVEL = 0;
				GCC_PREPROCESSOR_DEFINITIONS = (
					"DEBUG=1",
					"$(inherited)",
				);
				GCC_SYMBOLS_PRIVATE_EXTERN = NO;
				GCC_WARN_64_TO_32_BIT_CONVERSION = YES;
				GCC_WARN_ABOUT_RETURN_TYPE = YES_ERROR;
				GCC_WARN_UNDECLARED_SELECTOR = YES;
				GCC_WARN_UNINITIALIZED_AUTOS = YES_AGGRESSIVE;
				GCC_WARN_UNUSED_FUNCTION = YES;
				GCC_WARN_UNUSED_VARIABLE = YES;
				IPHONEOS_DEPLOYMENT_TARGET = 8.1;
				MTL_ENABLE_DEBUG_INFO = YES;
				ONLY_ACTIVE_ARCH = YES;
				SDKROOT = iphoneos;
				TARGETED_DEVICE_FAMILY = "1,2";
			};
			name = Debug;
		};
		2D9CD9E71A59F55000032CDE /* Release */ = {
			isa = XCBuildConfiguration;
			buildSettings = {
				ALWAYS_SEARCH_USER_PATHS = NO;
				CLANG_CXX_LANGUAGE_STANDARD = "gnu++0x";
				CLANG_CXX_LIBRARY = "libc++";
				CLANG_ENABLE_MODULES = YES;
				CLANG_ENABLE_OBJC_ARC = YES;
				CLANG_WARN_BOOL_CONVERSION = YES;
				CLANG_WARN_CONSTANT_CONVERSION = YES;
				CLANG_WARN_DIRECT_OBJC_ISA_USAGE = YES_ERROR;
				CLANG_WARN_EMPTY_BODY = YES;
				CLANG_WARN_ENUM_CONVERSION = YES;
				CLANG_WARN_INT_CONVERSION = YES;
				CLANG_WARN_OBJC_ROOT_CLASS = YES_ERROR;
				CLANG_WARN_UNREACHABLE_CODE = YES;
				CLANG_WARN__DUPLICATE_METHOD_MATCH = YES;
				"CODE_SIGN_IDENTITY[sdk=iphoneos*]" = "iPhone Developer";
				COPY_PHASE_STRIP = YES;
				ENABLE_NS_ASSERTIONS = NO;
				ENABLE_STRICT_OBJC_MSGSEND = YES;
				GCC_C_LANGUAGE_STANDARD = gnu99;
				GCC_WARN_64_TO_32_BIT_CONVERSION = YES;
				GCC_WARN_ABOUT_RETURN_TYPE = YES_ERROR;
				GCC_WARN_UNDECLARED_SELECTOR = YES;
				GCC_WARN_UNINITIALIZED_AUTOS = YES_AGGRESSIVE;
				GCC_WARN_UNUSED_FUNCTION = YES;
				GCC_WARN_UNUSED_VARIABLE = YES;
				IPHONEOS_DEPLOYMENT_TARGET = 8.1;
				MTL_ENABLE_DEBUG_INFO = NO;
				SDKROOT = iphoneos;
				TARGETED_DEVICE_FAMILY = "1,2";
				VALIDATE_PRODUCT = YES;
			};
			name = Release;
		};
		2D9CD9E91A59F55000032CDE /* Debug */ = {
			isa = XCBuildConfiguration;
			buildSettings = {
				ASSETCATALOG_COMPILER_APPICON_NAME = AppIcon;
				FRAMEWORK_SEARCH_PATHS = (
					"$(inherited)",
					"/Users/chrisjungmann/Desktop/Developer/GoogleCastSDK-2.5.1-Release",
				);
				INFOPLIST_FILE = ChromecastCamera/Info.plist;
				LD_RUNPATH_SEARCH_PATHS = "$(inherited) @executable_path/Frameworks";
				"OTHER_LDFLAGS[arch=*]" = "-ObjC";
				PRODUCT_NAME = "$(TARGET_NAME)";
			};
			name = Debug;
		};
		2D9CD9EA1A59F55000032CDE /* Release */ = {
			isa = XCBuildConfiguration;
			buildSettings = {
				ASSETCATALOG_COMPILER_APPICON_NAME = AppIcon;
				FRAMEWORK_SEARCH_PATHS = (
					"$(inherited)",
					"/Users/chrisjungmann/Desktop/Developer/GoogleCastSDK-2.5.1-Release",
				);
				INFOPLIST_FILE = ChromecastCamera/Info.plist;
				LD_RUNPATH_SEARCH_PATHS = "$(inherited) @executable_path/Frameworks";
				"OTHER_LDFLAGS[arch=*]" = "-ObjC";
				PRODUCT_NAME = "$(TARGET_NAME)";
			};
			name = Release;
		};
		2D9CD9EC1A59F55000032CDE /* Debug */ = {
			isa = XCBuildConfiguration;
			buildSettings = {
				BUNDLE_LOADER = "$(TEST_HOST)";
				FRAMEWORK_SEARCH_PATHS = (
					"$(SDKROOT)/Developer/Library/Frameworks",
					"$(inherited)",
				);
				GCC_PREPROCESSOR_DEFINITIONS = (
					"DEBUG=1",
					"$(inherited)",
				);
				INFOPLIST_FILE = ChromecastCameraTests/Info.plist;
				LD_RUNPATH_SEARCH_PATHS = "$(inherited) @executable_path/Frameworks @loader_path/Frameworks";
				PRODUCT_NAME = "$(TARGET_NAME)";
				TEST_HOST = "$(BUILT_PRODUCTS_DIR)/ChromecastCamera.app/ChromecastCamera";
			};
			name = Debug;
		};
		2D9CD9ED1A59F55000032CDE /* Release */ = {
			isa = XCBuildConfiguration;
			buildSettings = {
				BUNDLE_LOADER = "$(TEST_HOST)";
				FRAMEWORK_SEARCH_PATHS = (
					"$(SDKROOT)/Developer/Library/Frameworks",
					"$(inherited)",
				);
				INFOPLIST_FILE = ChromecastCameraTests/Info.plist;
				LD_RUNPATH_SEARCH_PATHS = "$(inherited) @executable_path/Frameworks @loader_path/Frameworks";
				PRODUCT_NAME = "$(TARGET_NAME)";
				TEST_HOST = "$(BUILT_PRODUCTS_DIR)/ChromecastCamera.app/ChromecastCamera";
			};
			name = Release;
		};
/* End XCBuildConfiguration section */

/* Begin XCConfigurationList section */
		2D9CD9C01A59F55000032CDE /* Build configuration list for PBXProject "ChromecastCamera" */ = {
			isa = XCConfigurationList;
			buildConfigurations = (
				2D9CD9E61A59F55000032CDE /* Debug */,
				2D9CD9E71A59F55000032CDE /* Release */,
			);
			defaultConfigurationIsVisible = 0;
			defaultConfigurationName = Release;
		};
		2D9CD9E81A59F55000032CDE /* Build configuration list for PBXNativeTarget "ChromecastCamera" */ = {
			isa = XCConfigurationList;
			buildConfigurations = (
				2D9CD9E91A59F55000032CDE /* Debug */,
				2D9CD9EA1A59F55000032CDE /* Release */,
			);
			defaultConfigurationIsVisible = 0;
			defaultConfigurationName = Release;
		};
		2D9CD9EB1A59F55000032CDE /* Build configuration list for PBXNativeTarget "ChromecastCameraTests" */ = {
			isa = XCConfigurationList;
			buildConfigurations = (
				2D9CD9EC1A59F55000032CDE /* Debug */,
				2D9CD9ED1A59F55000032CDE /* Release */,
			);
			defaultConfigurationIsVisible = 0;
			defaultConfigurationName = Release;
		};
/* End XCConfigurationList section */
	};
	rootObject = 2D9CD9BD1A59F55000032CDE /* Project object */;
}
